
Microsoft Visual Studio Solution File, Format Version 12.00
# Visual Studio Version 17
VisualStudioVersion = 17.3.32922.545
MinimumVisualStudioVersion = 10.0.40219.1
Project("{8BC9CEB8-8B4A-11D0-8D11-00A0C91BC942}") = "first try", "first try.vcxproj", "{D2285742-5E62-4088-B4D1-7371924516EA}"
EndProject
Global
	GlobalSection(SolutionConfigurationPlatforms) = preSolution
		Debug Dynamic|x64 = Debug Dynamic|x64
		Debug Dynamic|x86 = Debug Dynamic|x86
		Debug Static|x64 = Debug Static|x64
		Debug Static|x86 = Debug Static|x86
		Release Dynamic|x64 = Release Dynamic|x64
		Release Dynamic|x86 = Release Dynamic|x86
		Release Static|x64 = Release Static|x64
		Release Static|x86 = Release Static|x86
	EndGlobalSection
	GlobalSection(ProjectConfigurationPlatforms) = postSolution
		{D2285742-5E62-4088-B4D1-7371924516EA}.Debug Dynamic|x64.ActiveCfg = Debug Dynamic|x64
		{D2285742-5E62-4088-B4D1-7371924516EA}.Debug Dynamic|x64.Build.0 = Debug Dynamic|x64
		{D2285742-5E62-4088-B4D1-7371924516EA}.Debug Dynamic|x86.ActiveCfg = Debug Dynamic|Win32
		{D2285742-5E62-4088-B4D1-7371924516EA}.Debug Dynamic|x86.Build.0 = Debug Dynamic|Win32
		{D2285742-5E62-4088-B4D1-7371924516EA}.Debug Static|x64.ActiveCfg = Debug Static|x64
		{D2285742-5E62-4088-B4D1-7371924516EA}.Debug Static|x64.Build.0 = Debug Static|x64
		{D2285742-5E62-4088-B4D1-7371924516EA}.Debug Static|x86.ActiveCfg = Debug Static|Win32
		{D2285742-5E62-4088-B4D1-7371924516EA}.Debug Static|x86.Build.0 = Debug Static|Win32
		{D2285742-5E62-4088-B4D1-7371924516EA}.Release Dynamic|x64.ActiveCfg = Release Dynamic|x64
		{D2285742-5E62-4088-B4D1-7371924516EA}.Release Dynamic|x64.Build.0 = Release Dynamic|x64
		{D2285742-5E62-4088-B4D1-7371924516EA}.Release Dynamic|x86.ActiveCfg = Release Dynamic|Win32
		{D2285742-5E62-4088-B4D1-7371924516EA}.Release Dynamic|x86.Build.0 = Release Dynamic|Win32
		{D2285742-5E62-4088-B4D1-7371924516EA}.Release Static|x64.ActiveCfg = Release Static|x64
		{D2285742-5E62-4088-B4D1-7371924516EA}.Release Static|x64.Build.0 = Release Static|x64
		{D2285742-5E62-4088-B4D1-7371924516EA}.Release Static|x86.ActiveCfg = Release Static|Win32
		{D2285742-5E62-4088-B4D1-7371924516EA}.Release Static|x86.Build.0 = Release Static|Win32
	EndGlobalSection
	GlobalSection(SolutionProperties) = preSolution
		HideSolutionNode = FALSE
	EndGlobalSection
	GlobalSection(ExtensibilityGlobals) = postSolution
		SolutionGuid = {39B93DF5-6FFB-419D-948C-6663B0BBD0AB}
	EndGlobalSection
EndGlobal
